
Microsoft Visual Studio Solution File, Format Version 12.00
# Visual Studio Version 16
VisualStudioVersion = 25.0.1706.8
MinimumVisualStudioVersion = 10.0.40219.1
Project("{FAE04EC0-301F-11D3-BF4B-00C04F79EFBC}") = "azurecms", "azurecms.csproj", "{FD8168EF-2ED6-4C85-87C8-33B87EDAFCFD}"
EndProject
Global
	GlobalSection(SolutionConfigurationPlatforms) = preSolution
		Debug|Any CPU = Debug|Any CPU
		Release|Any CPU = Release|Any CPU
	EndGlobalSection
	GlobalSection(ProjectConfigurationPlatforms) = postSolution
		{FD8168EF-2ED6-4C85-87C8-33B87EDAFCFD}.Debug|Any CPU.ActiveCfg = Debug|Any CPU
		{FD8168EF-2ED6-4C85-87C8-33B87EDAFCFD}.Debug|Any CPU.Build.0 = Debug|Any CPU
		{FD8168EF-2ED6-4C85-87C8-33B87EDAFCFD}.Release|Any CPU.ActiveCfg = Release|Any CPU
		{FD8168EF-2ED6-4C85-87C8-33B87EDAFCFD}.Release|Any CPU.Build.0 = Release|Any CPU
	EndGlobalSection
	GlobalSection(SolutionProperties) = preSolution
		HideSolutionNode = FALSE
	EndGlobalSection
	GlobalSection(ExtensibilityGlobals) = postSolution
		SolutionGuid = {68C9491B-28C2-4A18-8240-9680704FE5A7}
	EndGlobalSection
EndGlobal
